
Microsoft Visual Studio Solution File, Format Version 12.00
# Visual Studio Version 17
VisualStudioVersion = 17.11.35222.181
MinimumVisualStudioVersion = 10.0.40219.1
Project("{FAE04EC0-301F-11D3-BF4B-00C04F79EFBC}") = "2048remake", "2048remake.csproj", "{82DE6B41-0A27-4E0B-96B6-FC86858C1C4E}"
EndProject
Global
	GlobalSection(SolutionConfigurationPlatforms) = preSolution
		Debug|Any CPU = Debug|Any CPU
		Release|Any CPU = Release|Any CPU
	EndGlobalSection
	GlobalSection(ProjectConfigurationPlatforms) = postSolution
		{82DE6B41-0A27-4E0B-96B6-FC86858C1C4E}.Debug|Any CPU.ActiveCfg = Debug|Any CPU
		{82DE6B41-0A27-4E0B-96B6-FC86858C1C4E}.Debug|Any CPU.Build.0 = Debug|Any CPU
		{82DE6B41-0A27-4E0B-96B6-FC86858C1C4E}.Release|Any CPU.ActiveCfg = Release|Any CPU
		{82DE6B41-0A27-4E0B-96B6-FC86858C1C4E}.Release|Any CPU.Build.0 = Release|Any CPU
	EndGlobalSection
	GlobalSection(SolutionProperties) = preSolution
		HideSolutionNode = FALSE
	EndGlobalSection
	GlobalSection(ExtensibilityGlobals) = postSolution
		SolutionGuid = {B63F9CFD-4594-4523-8F9E-B51059537675}
	EndGlobalSection
EndGlobal
